// !$*UTF8*$!
{
	archiveVersion = 1;
	classes = {
	};
	objectVersion = 56;
	objects = {

/* Begin PBXBuildFile section */
		DC1D0AB029F7032200EC295D /* weatherPictureApp.swift in Sources */ = {isa = PBXBuildFile; fileRef = DC1D0AAF29F7032200EC295D /* weatherPictureApp.swift */; };
		DC1D0AB229F7032200EC295D /* ContentView.swift in Sources */ = {isa = PBXBuildFile; fileRef = DC1D0AB129F7032200EC295D /* ContentView.swift */; };
		DC1D0AB429F7032500EC295D /* Assets.xcassets in Resources */ = {isa = PBXBuildFile; fileRef = DC1D0AB329F7032500EC295D /* Assets.xcassets */; };
		DC1D0AB829F7032500EC295D /* Preview Assets.xcassets in Resources */ = {isa = PBXBuildFile; fileRef = DC1D0AB729F7032500EC295D /* Preview Assets.xcassets */; };
		DC1D0AC229F7032600EC295D /* weatherPictureTests.swift in Sources */ = {isa = PBXBuildFile; fileRef = DC1D0AC129F7032600EC295D /* weatherPictureTests.swift */; };
		DC1D0ACC29F7032600EC295D /* weatherPictureUITests.swift in Sources */ = {isa = PBXBuildFile; fileRef = DC1D0ACB29F7032600EC295D /* weatherPictureUITests.swift */; };
		DC1D0ACE29F7032600EC295D /* weatherPictureUITestsLaunchTests.swift in Sources */ = {isa = PBXBuildFile; fileRef = DC1D0ACD29F7032600EC295D /* weatherPictureUITestsLaunchTests.swift */; };
/* End PBXBuildFile section */

/* Begin PBXContainerItemProxy section */
		DC1D0ABE29F7032600EC295D /* PBXContainerItemProxy */ = {
			isa = PBXContainerItemProxy;
			containerPortal = DC1D0AA429F7032200EC295D /* Project object */;
			proxyType = 1;
			remoteGlobalIDString = DC1D0AAB29F7032200EC295D;
			remoteInfo = weatherPicture;
		};
		DC1D0AC829F7032600EC295D /* PBXContainerItemProxy */ = {
			isa = PBXContainerItemProxy;
			containerPortal = DC1D0AA429F7032200EC295D /* Project object */;
			proxyType = 1;
			remoteGlobalIDString = DC1D0AAB29F7032200EC295D;
			remoteInfo = weatherPicture;
		};
/* End PBXContainerItemProxy section */

/* Begin PBXFileReference section */
		DC1D0AAC29F7032200EC295D /* weatherPicture.app */ = {isa = PBXFileReference; explicitFileType = wrapper.application; includeInIndex = 0; path = weatherPicture.app; sourceTree = BUILT_PRODUCTS_DIR; };
		DC1D0AAF29F7032200EC295D /* weatherPictureApp.swift */ = {isa = PBXFileReference; lastKnownFileType = sourcecode.swift; path = weatherPictureApp.swift; sourceTree = "<group>"; };
		DC1D0AB129F7032200EC295D /* ContentView.swift */ = {isa = PBXFileReference; lastKnownFileType = sourcecode.swift; path = ContentView.swift; sourceTree = "<group>"; };
		DC1D0AB329F7032500EC295D /* Assets.xcassets */ = {isa = PBXFileReference; lastKnownFileType = folder.assetcatalog; path = Assets.xcassets; sourceTree = "<group>"; };
		DC1D0AB529F7032500EC295D /* weatherPicture.entitlements */ = {isa = PBXFileReference; lastKnownFileType = text.plist.entitlements; path = weatherPicture.entitlements; sourceTree = "<group>"; };
		DC1D0AB729F7032500EC295D /* Preview Assets.xcassets */ = {isa = PBXFileReference; lastKnownFileType = folder.assetcatalog; path = "Preview Assets.xcassets"; sourceTree = "<group>"; };
		DC1D0ABD29F7032600EC295D /* weatherPictureTests.xctest */ = {isa = PBXFileReference; explicitFileType = wrapper.cfbundle; includeInIndex = 0; path = weatherPictureTests.xctest; sourceTree = BUILT_PRODUCTS_DIR; };
		DC1D0AC129F7032600EC295D /* weatherPictureTests.swift */ = {isa = PBXFileReference; lastKnownFileType = sourcecode.swift; path = weatherPictureTests.swift; sourceTree = "<group>"; };
		DC1D0AC729F7032600EC295D /* weatherPictureUITests.xctest */ = {isa = PBXFileReference; explicitFileType = wrapper.cfbundle; includeInIndex = 0; path = weatherPictureUITests.xctest; sourceTree = BUILT_PRODUCTS_DIR; };
		DC1D0ACB29F7032600EC295D /* weatherPictureUITests.swift */ = {isa = PBXFileReference; lastKnownFileType = sourcecode.swift; path = weatherPictureUITests.swift; sourceTree = "<group>"; };
		DC1D0ACD29F7032600EC295D /* weatherPictureUITestsLaunchTests.swift */ = {isa = PBXFileReference; lastKnownFileType = sourcecode.swift; path = weatherPictureUITestsLaunchTests.swift; sourceTree = "<group>"; };
/* End PBXFileReference section */

/* Begin PBXFrameworksBuildPhase section */
		DC1D0AA929F7032200EC295D /* Frameworks */ = {
			isa = PBXFrameworksBuildPhase;
			buildActionMask = 2147483647;
			files = (
			);
			runOnlyForDeploymentPostprocessing = 0;
		};
		DC1D0ABA29F7032600EC295D /* Frameworks */ = {
			isa = PBXFrameworksBuildPhase;
			buildActionMask = 2147483647;
			files = (
			);
			runOnlyForDeploymentPostprocessing = 0;
		};
		DC1D0AC429F7032600EC295D /* Frameworks */ = {
			isa = PBXFrameworksBuildPhase;
			buildActionMask = 2147483647;
			files = (
			);
			runOnlyForDeploymentPostprocessing = 0;
		};
/* End PBXFrameworksBuildPhase section */

/* Begin PBXGroup section */
		DC1D0AA329F7032200EC295D = {
			isa = PBXGroup;
			children = (
				DC1D0AAE29F7032200EC295D /* weatherPicture */,
				DC1D0AC029F7032600EC295D /* weatherPictureTests */,
				DC1D0ACA29F7032600EC295D /* weatherPictureUITests */,
				DC1D0AAD29F7032200EC295D /* Products */,
			);
			sourceTree = "<group>";
		};
		DC1D0AAD29F7032200EC295D /* Products */ = {
			isa = PBXGroup;
			children = (
				DC1D0AAC29F7032200EC295D /* weatherPicture.app */,
				DC1D0ABD29F7032600EC295D /* weatherPictureTests.xctest */,
				DC1D0AC729F7032600EC295D /* weatherPictureUITests.xctest */,
			);
			name = Products;
			sourceTree = "<group>";
		};
		DC1D0AAE29F7032200EC295D /* weatherPicture */ = {
			isa = PBXGroup;
			children = (
				DC1D0AAF29F7032200EC295D /* weatherPictureApp.swift */,
				DC1D0AB129F7032200EC295D /* ContentView.swift */,
				DC1D0AB329F7032500EC295D /* Assets.xcassets */,
				DC1D0AB529F7032500EC295D /* weatherPicture.entitlements */,
				DC1D0AB629F7032500EC295D /* Preview Content */,
			);
			path = weatherPicture;
			sourceTree = "<group>";
		};
		DC1D0AB629F7032500EC295D /* Preview Content */ = {
			isa = PBXGroup;
			children = (
				DC1D0AB729F7032500EC295D /* Preview Assets.xcassets */,
			);
			path = "Preview Content";
			sourceTree = "<group>";
		};
		DC1D0AC029F7032600EC295D /* weatherPictureTests */ = {
			isa = PBXGroup;
			children = (
				DC1D0AC129F7032600EC295D /* weatherPictureTests.swift */,
			);
			path = weatherPictureTests;
			sourceTree = "<group>";
		};
		DC1D0ACA29F7032600EC295D /* weatherPictureUITests */ = {
			isa = PBXGroup;
			children = (
				DC1D0ACB29F7032600EC295D /* weatherPictureUITests.swift */,
				DC1D0ACD29F7032600EC295D /* weatherPictureUITestsLaunchTests.swift */,
			);
			path = weatherPictureUITests;
			sourceTree = "<group>";
		};
/* End PBXGroup section */

/* Begin PBXNativeTarget section */
		DC1D0AAB29F7032200EC295D /* weatherPicture */ = {
			isa = PBXNativeTarget;
			buildConfigurationList = DC1D0AD129F7032600EC295D /* Build configuration list for PBXNativeTarget "weatherPicture" */;
			buildPhases = (
				DC1D0AA829F7032200EC295D /* Sources */,
				DC1D0AA929F7032200EC295D /* Frameworks */,
				DC1D0AAA29F7032200EC295D /* Resources */,
			);
			buildRules = (
			);
			dependencies = (
			);
			name = weatherPicture;
			productName = weatherPicture;
			productReference = DC1D0AAC29F7032200EC295D /* weatherPicture.app */;
			productType = "com.apple.product-type.application";
		};
		DC1D0ABC29F7032600EC295D /* weatherPictureTests */ = {
			isa = PBXNativeTarget;
			buildConfigurationList = DC1D0AD429F7032600EC295D /* Build configuration list for PBXNativeTarget "weatherPictureTests" */;
			buildPhases = (
				DC1D0AB929F7032600EC295D /* Sources */,
				DC1D0ABA29F7032600EC295D /* Frameworks */,
				DC1D0ABB29F7032600EC295D /* Resources */,
			);
			buildRules = (
			);
			dependencies = (
				DC1D0ABF29F7032600EC295D /* PBXTargetDependency */,
			);
			name = weatherPictureTests;
			productName = weatherPictureTests;
			productReference = DC1D0ABD29F7032600EC295D /* weatherPictureTests.xctest */;
			productType = "com.apple.product-type.bundle.unit-test";
		};
		DC1D0AC629F7032600EC295D /* weatherPictureUITests */ = {
			isa = PBXNativeTarget;
			buildConfigurationList = DC1D0AD729F7032600EC295D /* Build configuration list for PBXNativeTarget "weatherPictureUITests" */;
			buildPhases = (
				DC1D0AC329F7032600EC295D /* Sources */,
				DC1D0AC429F7032600EC295D /* Frameworks */,
				DC1D0AC529F7032600EC295D /* Resources */,
			);
			buildRules = (
			);
			dependencies = (
				DC1D0AC929F7032600EC295D /* PBXTargetDependency */,
			);
			name = weatherPictureUITests;
			productName = weatherPictureUITests;
			productReference = DC1D0AC729F7032600EC295D /* weatherPictureUITests.xctest */;
			productType = "com.apple.product-type.bundle.ui-testing";
		};
/* End PBXNativeTarget section */

/* Begin PBXProject section */
		DC1D0AA429F7032200EC295D /* Project object */ = {
			isa = PBXProject;
			attributes = {
				BuildIndependentTargetsInParallel = 1;
				LastSwiftUpdateCheck = 1420;
				LastUpgradeCheck = 1420;
				TargetAttributes = {
					DC1D0AAB29F7032200EC295D = {
						CreatedOnToolsVersion = 14.2;
					};
					DC1D0ABC29F7032600EC295D = {
						CreatedOnToolsVersion = 14.2;
						TestTargetID = DC1D0AAB29F7032200EC295D;
					};
					DC1D0AC629F7032600EC295D = {
						CreatedOnToolsVersion = 14.2;
						TestTargetID = DC1D0AAB29F7032200EC295D;
					};
				};
			};
			buildConfigurationList = DC1D0AA729F7032200EC295D /* Build configuration list for PBXProject "weatherPicture" */;
			compatibilityVersion = "Xcode 14.0";
			developmentRegion = en;
			hasScannedForEncodings = 0;
			knownRegions = (
				en,
				Base,
			);
			mainGroup = DC1D0AA329F7032200EC295D;
			productRefGroup = DC1D0AAD29F7032200EC295D /* Products */;
			projectDirPath = "";
			projectRoot = "";
			targets = (
				DC1D0AAB29F7032200EC295D /* weatherPicture */,
				DC1D0ABC29F7032600EC295D /* weatherPictureTests */,
				DC1D0AC629F7032600EC295D /* weatherPictureUITests */,
			);
		};
/* End PBXProject section */

/* Begin PBXResourcesBuildPhase section */
		DC1D0AAA29F7032200EC295D /* Resources */ = {
			isa = PBXResourcesBuildPhase;
			buildActionMask = 2147483647;
			files = (
				DC1D0AB829F7032500EC295D /* Preview Assets.xcassets in Resources */,
				DC1D0AB429F7032500EC295D /* Assets.xcassets in Resources */,
			);
			runOnlyForDeploymentPostprocessing = 0;
		};
		DC1D0ABB29F7032600EC295D /* Resources */ = {
			isa = PBXResourcesBuildPhase;
			buildActionMask = 2147483647;
			files = (
			);
			runOnlyForDeploymentPostprocessing = 0;
		};
		DC1D0AC529F7032600EC295D /* Resources */ = {
			isa = PBXResourcesBuildPhase;
			buildActionMask = 2147483647;
			files = (
			);
			runOnlyForDeploymentPostprocessing = 0;
		};
/* End PBXResourcesBuildPhase section */

/* Begin PBXSourcesBuildPhase section */
		DC1D0AA829F7032200EC295D /* Sources */ = {
			isa = PBXSourcesBuildPhase;
			buildActionMask = 2147483647;
			files = (
				DC1D0AB229F7032200EC295D /* ContentView.swift in Sources */,
				DC1D0AB029F7032200EC295D /* weatherPictureApp.swift in Sources */,
			);
			runOnlyForDeploymentPostprocessing = 0;
		};
		DC1D0AB929F7032600EC295D /* Sources */ = {
			isa = PBXSourcesBuildPhase;
			buildActionMask = 2147483647;
			files = (
				DC1D0AC229F7032600EC295D /* weatherPictureTests.swift in Sources */,
			);
			runOnlyForDeploymentPostprocessing = 0;
		};
		DC1D0AC329F7032600EC295D /* Sources */ = {
			isa = PBXSourcesBuildPhase;
			buildActionMask = 2147483647;
			files = (
				DC1D0ACE29F7032600EC295D /* weatherPictureUITestsLaunchTests.swift in Sources */,
				DC1D0ACC29F7032600EC295D /* weatherPictureUITests.swift in Sources */,
			);
			runOnlyForDeploymentPostprocessing = 0;
		};
/* End PBXSourcesBuildPhase section */

/* Begin PBXTargetDependency section */
		DC1D0ABF29F7032600EC295D /* PBXTargetDependency */ = {
			isa = PBXTargetDependency;
			target = DC1D0AAB29F7032200EC295D /* weatherPicture */;
			targetProxy = DC1D0ABE29F7032600EC295D /* PBXContainerItemProxy */;
		};
		DC1D0AC929F7032600EC295D /* PBXTargetDependency */ = {
			isa = PBXTargetDependency;
			target = DC1D0AAB29F7032200EC295D /* weatherPicture */;
			targetProxy = DC1D0AC829F7032600EC295D /* PBXContainerItemProxy */;
		};
/* End PBXTargetDependency section */

/* Begin XCBuildConfiguration section */
		DC1D0ACF29F7032600EC295D /* Debug */ = {
			isa = XCBuildConfiguration;
			buildSettings = {
				ALWAYS_SEARCH_USER_PATHS = NO;
				CLANG_ANALYZER_NONNULL = YES;
				CLANG_ANALYZER_NUMBER_OBJECT_CONVERSION = YES_AGGRESSIVE;
				CLANG_CXX_LANGUAGE_STANDARD = "gnu++20";
				CLANG_ENABLE_MODULES = YES;
				CLANG_ENABLE_OBJC_ARC = YES;
				CLANG_ENABLE_OBJC_WEAK = YES;
				CLANG_WARN_BLOCK_CAPTURE_AUTORELEASING = YES;
				CLANG_WARN_BOOL_CONVERSION = YES;
				CLANG_WARN_COMMA = YES;
				CLANG_WARN_CONSTANT_CONVERSION = YES;
				CLANG_WARN_DEPRECATED_OBJC_IMPLEMENTATIONS = YES;
				CLANG_WARN_DIRECT_OBJC_ISA_USAGE = YES_ERROR;
				CLANG_WARN_DOCUMENTATION_COMMENTS = YES;
				CLANG_WARN_EMPTY_BODY = YES;
				CLANG_WARN_ENUM_CONVERSION = YES;
				CLANG_WARN_INFINITE_RECURSION = YES;
				CLANG_WARN_INT_CONVERSION = YES;
				CLANG_WARN_NON_LITERAL_NULL_CONVERSION = YES;
				CLANG_WARN_OBJC_IMPLICIT_RETAIN_SELF = YES;
				CLANG_WARN_OBJC_LITERAL_CONVERSION = YES;
				CLANG_WARN_OBJC_ROOT_CLASS = YES_ERROR;
				CLANG_WARN_QUOTED_INCLUDE_IN_FRAMEWORK_HEADER = YES;
				CLANG_WARN_RANGE_LOOP_ANALYSIS = YES;
				CLANG_WARN_STRICT_PROTOTYPES = YES;
				CLANG_WARN_SUSPICIOUS_MOVE = YES;
				CLANG_WARN_UNGUARDED_AVAILABILITY = YES_AGGRESSIVE;
				CLANG_WARN_UNREACHABLE_CODE = YES;
				CLANG_WARN__DUPLICATE_METHOD_MATCH = YES;
				COPY_PHASE_STRIP = NO;
				DEBUG_INFORMATION_FORMAT = dwarf;
				ENABLE_STRICT_OBJC_MSGSEND = YES;
				ENABLE_TESTABILITY = YES;
				GCC_C_LANGUAGE_STANDARD = gnu11;
				GCC_DYNAMIC_NO_PIC = NO;
				GCC_NO_COMMON_BLOCKS = YES;
				GCC_OPTIMIZATION_LEVEL = 0;
				GCC_PREPROCESSOR_DEFINITIONS = (
					"DEBUG=1",
					"$(inherited)",
				);
				GCC_WARN_64_TO_32_BIT_CONVERSION = YES;
				GCC_WARN_ABOUT_RETURN_TYPE = YES_ERROR;
				GCC_WARN_UNDECLARED_SELECTOR = YES;
				GCC_WARN_UNINITIALIZED_AUTOS = YES_AGGRESSIVE;
				GCC_WARN_UNUSED_FUNCTION = YES;
				GCC_WARN_UNUSED_VARIABLE = YES;
				MTL_ENABLE_DEBUG_INFO = INCLUDE_SOURCE;
				MTL_FAST_MATH = YES;
				ONLY_ACTIVE_ARCH = YES;
				SWIFT_ACTIVE_COMPILATION_CONDITIONS = DEBUG;
				SWIFT_OPTIMIZATION_LEVEL = "-Onone";
			};
			name = Debug;
		};
		DC1D0AD029F7032600EC295D /* Release */ = {
			isa = XCBuildConfiguration;
			buildSettings = {
				ALWAYS_SEARCH_USER_PATHS = NO;
				CLANG_ANALYZER_NONNULL = YES;
				CLANG_ANALYZER_NUMBER_OBJECT_CONVERSION = YES_AGGRESSIVE;
				CLANG_CXX_LANGUAGE_STANDARD = "gnu++20";
				CLANG_ENABLE_MODULES = YES;
				CLANG_ENABLE_OBJC_ARC = YES;
				CLANG_ENABLE_OBJC_WEAK = YES;
				CLANG_WARN_BLOCK_CAPTURE_AUTORELEASING = YES;
				CLANG_WARN_BOOL_CONVERSION = YES;
				CLANG_WARN_COMMA = YES;
				CLANG_WARN_CONSTANT_CONVERSION = YES;
				CLANG_WARN_DEPRECATED_OBJC_IMPLEMENTATIONS = YES;
				CLANG_WARN_DIRECT_OBJC_ISA_USAGE = YES_ERROR;
				CLANG_WARN_DOCUMENTATION_COMMENTS = YES;
				CLANG_WARN_EMPTY_BODY = YES;
				CLANG_WARN_ENUM_CONVERSION = YES;
				CLANG_WARN_INFINITE_RECURSION = YES;
				CLANG_WARN_INT_CONVERSION = YES;
				CLANG_WARN_NON_LITERAL_NULL_CONVERSION = YES;
				CLANG_WARN_OBJC_IMPLICIT_RETAIN_SELF = YES;
				CLANG_WARN_OBJC_LITERAL_CONVERSION = YES;
				CLANG_WARN_OBJC_ROOT_CLASS = YES_ERROR;
				CLANG_WARN_QUOTED_INCLUDE_IN_FRAMEWORK_HEADER = YES;
				CLANG_WARN_RANGE_LOOP_ANALYSIS = YES;
				CLANG_WARN_STRICT_PROTOTYPES = YES;
				CLANG_WARN_SUSPICIOUS_MOVE = YES;
				CLANG_WARN_UNGUARDED_AVAILABILITY = YES_AGGRESSIVE;
				CLANG_WARN_UNREACHABLE_CODE = YES;
				CLANG_WARN__DUPLICATE_METHOD_MATCH = YES;
				COPY_PHASE_STRIP = NO;
				DEBUG_INFORMATION_FORMAT = "dwarf-with-dsym";
				ENABLE_NS_ASSERTIONS = NO;
				ENABLE_STRICT_OBJC_MSGSEND = YES;
				GCC_C_LANGUAGE_STANDARD = gnu11;
				GCC_NO_COMMON_BLOCKS = YES;
				GCC_WARN_64_TO_32_BIT_CONVERSION = YES;
				GCC_WARN_ABOUT_RETURN_TYPE = YES_ERROR;
				GCC_WARN_UNDECLARED_SELECTOR = YES;
				GCC_WARN_UNINITIALIZED_AUTOS = YES_AGGRESSIVE;
				GCC_WARN_UNUSED_FUNCTION = YES;
				GCC_WARN_UNUSED_VARIABLE = YES;
				MTL_ENABLE_DEBUG_INFO = NO;
				MTL_FAST_MATH = YES;
				SWIFT_COMPILATION_MODE = wholemodule;
				SWIFT_OPTIMIZATION_LEVEL = "-O";
			};
			name = Release;
		};
		DC1D0AD229F7032600EC295D /* Debug */ = {
			isa = XCBuildConfiguration;
			buildSettings = {
				ASSETCATALOG_COMPILER_APPICON_NAME = AppIcon;
				ASSETCATALOG_COMPILER_GLOBAL_ACCENT_COLOR_NAME = AccentColor;
				CODE_SIGN_ENTITLEMENTS = weatherPicture/weatherPicture.entitlements;
				CODE_SIGN_STYLE = Automatic;
				CURRENT_PROJECT_VERSION = 1;
				DEVELOPMENT_ASSET_PATHS = "\"weatherPicture/Preview Content\"";
				ENABLE_PREVIEWS = YES;
				GENERATE_INFOPLIST_FILE = YES;
				"INFOPLIST_KEY_UIApplicationSceneManifest_Generation[sdk=iphoneos*]" = YES;
				"INFOPLIST_KEY_UIApplicationSceneManifest_Generation[sdk=iphonesimulator*]" = YES;
				"INFOPLIST_KEY_UIApplicationSupportsIndirectInputEvents[sdk=iphoneos*]" = YES;
				"INFOPLIST_KEY_UIApplicationSupportsIndirectInputEvents[sdk=iphonesimulator*]" = YES;
				"INFOPLIST_KEY_UILaunchScreen_Generation[sdk=iphoneos*]" = YES;
				"INFOPLIST_KEY_UILaunchScreen_Generation[sdk=iphonesimulator*]" = YES;
				"INFOPLIST_KEY_UIStatusBarStyle[sdk=iphoneos*]" = UIStatusBarStyleDefault;
				"INFOPLIST_KEY_UIStatusBarStyle[sdk=iphonesimulator*]" = UIStatusBarStyleDefault;
				INFOPLIST_KEY_UISupportedInterfaceOrientations_iPad = "UIInterfaceOrientationPortrait UIInterfaceOrientationPortraitUpsideDown UIInterfaceOrientationLandscapeLeft UIInterfaceOrientationLandscapeRight";
				INFOPLIST_KEY_UISupportedInterfaceOrientations_iPhone = "UIInterfaceOrientationPortrait UIInterfaceOrientationLandscapeLeft UIInterfaceOrientationLandscapeRight";
				IPHONEOS_DEPLOYMENT_TARGET = 16.2;
				LD_RUNPATH_SEARCH_PATHS = "@executable_path/Frameworks";
				"LD_RUNPATH_SEARCH_PATHS[sdk=macosx*]" = "@executable_path/../Frameworks";
				MACOSX_DEPLOYMENT_TARGET = 12.6;
				MARKETING_VERSION = 1.0;
				PRODUCT_BUNDLE_IDENTIFIER = com.CristianExamples.weatherPicture;
				PRODUCT_NAME = "$(TARGET_NAME)";
				SDKROOT = auto;
				SUPPORTED_PLATFORMS = "iphoneos iphonesimulator macosx";
				SWIFT_EMIT_LOC_STRINGS = YES;
				SWIFT_VERSION = 5.0;
				TARGETED_DEVICE_FAMILY = "1,2";
			};
			name = Debug;
		};
		DC1D0AD329F7032600EC295D /* Release */ = {
			isa = XCBuildConfiguration;
			buildSettings = {
				ASSETCATALOG_COMPILER_APPICON_NAME = AppIcon;
				ASSETCATALOG_COMPILER_GLOBAL_ACCENT_COLOR_NAME = AccentColor;
				CODE_SIGN_ENTITLEMENTS = weatherPicture/weatherPicture.entitlements;
				CODE_SIGN_STYLE = Automatic;
				CURRENT_PROJECT_VERSION = 1;
				DEVELOPMENT_ASSET_PATHS = "\"weatherPicture/Preview Content\"";
				ENABLE_PREVIEWS = YES;
				GENERATE_INFOPLIST_FILE = YES;
				"INFOPLIST_KEY_UIApplicationSceneManifest_Generation[sdk=iphoneos*]" = YES;
				"INFOPLIST_KEY_UIApplicationSceneManifest_Generation[sdk=iphonesimulator*]" = YES;
				"INFOPLIST_KEY_UIApplicationSupportsIndirectInputEvents[sdk=iphoneos*]" = YES;
				"INFOPLIST_KEY_UIApplicationSupportsIndirectInputEvents[sdk=iphonesimulator*]" = YES;
				"INFOPLIST_KEY_UILaunchScreen_Generation[sdk=iphoneos*]" = YES;
				"INFOPLIST_KEY_UILaunchScreen_Generation[sdk=iphonesimulator*]" = YES;
				"INFOPLIST_KEY_UIStatusBarStyle[sdk=iphoneos*]" = UIStatusBarStyleDefault;
				"INFOPLIST_KEY_UIStatusBarStyle[sdk=iphonesimulator*]" = UIStatusBarStyleDefault;
				INFOPLIST_KEY_UISupportedInterfaceOrientations_iPad = "UIInterfaceOrientationPortrait UIInterfaceOrientationPortraitUpsideDown UIInterfaceOrientationLandscapeLeft UIInterfaceOrientationLandscapeRight";
				INFOPLIST_KEY_UISupportedInterfaceOrientations_iPhone = "UIInterfaceOrientationPortrait UIInterfaceOrientationLandscapeLeft UIInterfaceOrientationLandscapeRight";
				IPHONEOS_DEPLOYMENT_TARGET = 16.2;
				LD_RUNPATH_SEARCH_PATHS = "@executable_path/Frameworks";
				"LD_RUNPATH_SEARCH_PATHS[sdk=macosx*]" = "@executable_path/../Frameworks";
				MACOSX_DEPLOYMENT_TARGET = 12.6;
				MARKETING_VERSION = 1.0;
				PRODUCT_BUNDLE_IDENTIFIER = com.CristianExamples.weatherPicture;
				PRODUCT_NAME = "$(TARGET_NAME)";
				SDKROOT = auto;
				SUPPORTED_PLATFORMS = "iphoneos iphonesimulator macosx";
				SWIFT_EMIT_LOC_STRINGS = YES;
				SWIFT_VERSION = 5.0;
				TARGETED_DEVICE_FAMILY = "1,2";
			};
			name = Release;
		};
		DC1D0AD529F7032600EC295D /* Debug */ = {
			isa = XCBuildConfiguration;
			buildSettings = {
				ALWAYS_EMBED_SWIFT_STANDARD_LIBRARIES = YES;
				BUNDLE_LOADER = "$(TEST_HOST)";
				CODE_SIGN_STYLE = Automatic;
				CURRENT_PROJECT_VERSION = 1;
				GENERATE_INFOPLIST_FILE = YES;
				IPHONEOS_DEPLOYMENT_TARGET = 16.2;
				MACOSX_DEPLOYMENT_TARGET = 12.6;
				MARKETING_VERSION = 1.0;
				PRODUCT_BUNDLE_IDENTIFIER = com.CristianExamples.weatherPictureTests;
				PRODUCT_NAME = "$(TARGET_NAME)";
				SDKROOT = auto;
				SUPPORTED_PLATFORMS = "iphoneos iphonesimulator macosx";
				SWIFT_EMIT_LOC_STRINGS = NO;
				SWIFT_VERSION = 5.0;
				TARGETED_DEVICE_FAMILY = "1,2";
				TEST_HOST = "$(BUILT_PRODUCTS_DIR)/weatherPicture.app/$(BUNDLE_EXECUTABLE_FOLDER_PATH)/weatherPicture";
			};
			name = Debug;
		};
		DC1D0AD629F7032600EC295D /* Release */ = {
			isa = XCBuildConfiguration;
			buildSettings = {
				ALWAYS_EMBED_SWIFT_STANDARD_LIBRARIES = YES;
				BUNDLE_LOADER = "$(TEST_HOST)";
				CODE_SIGN_STYLE = Automatic;
				CURRENT_PROJECT_VERSION = 1;
				GENERATE_INFOPLIST_FILE = YES;
				IPHONEOS_DEPLOYMENT_TARGET = 16.2;
				MACOSX_DEPLOYMENT_TARGET = 12.6;
				MARKETING_VERSION = 1.0;
				PRODUCT_BUNDLE_IDENTIFIER = com.CristianExamples.weatherPictureTests;
				PRODUCT_NAME = "$(TARGET_NAME)";
				SDKROOT = auto;
				SUPPORTED_PLATFORMS = "iphoneos iphonesimulator macosx";
				SWIFT_EMIT_LOC_STRINGS = NO;
				SWIFT_VERSION = 5.0;
				TARGETED_DEVICE_FAMILY = "1,2";
				TEST_HOST = "$(BUILT_PRODUCTS_DIR)/weatherPicture.app/$(BUNDLE_EXECUTABLE_FOLDER_PATH)/weatherPicture";
			};
			name = Release;
		};
		DC1D0AD829F7032600EC295D /* Debug */ = {
			isa = XCBuildConfiguration;
			buildSettings = {
				ALWAYS_EMBED_SWIFT_STANDARD_LIBRARIES = YES;
				CODE_SIGN_STYLE = Automatic;
				CURRENT_PROJECT_VERSION = 1;
				GENERATE_INFOPLIST_FILE = YES;
				IPHONEOS_DEPLOYMENT_TARGET = 16.2;
				MACOSX_DEPLOYMENT_TARGET = 12.6;
				MARKETING_VERSION = 1.0;
				PRODUCT_BUNDLE_IDENTIFIER = com.CristianExamples.weatherPictureUITests;
				PRODUCT_NAME = "$(TARGET_NAME)";
				SDKROOT = auto;
				SUPPORTED_PLATFORMS = "iphoneos iphonesimulator macosx";
				SWIFT_EMIT_LOC_STRINGS = NO;
				SWIFT_VERSION = 5.0;
				TARGETED_DEVICE_FAMILY = "1,2";
				TEST_TARGET_NAME = weatherPicture;
			};
			name = Debug;
		};
		DC1D0AD929F7032600EC295D /* Release */ = {
			isa = XCBuildConfiguration;
			buildSettings = {
				ALWAYS_EMBED_SWIFT_STANDARD_LIBRARIES = YES;
				CODE_SIGN_STYLE = Automatic;
				CURRENT_PROJECT_VERSION = 1;
				GENERATE_INFOPLIST_FILE = YES;
				IPHONEOS_DEPLOYMENT_TARGET = 16.2;
				MACOSX_DEPLOYMENT_TARGET = 12.6;
				MARKETING_VERSION = 1.0;
				PRODUCT_BUNDLE_IDENTIFIER = com.CristianExamples.weatherPictureUITests;
				PRODUCT_NAME = "$(TARGET_NAME)";
				SDKROOT = auto;
				SUPPORTED_PLATFORMS = "iphoneos iphonesimulator macosx";
				SWIFT_EMIT_LOC_STRINGS = NO;
				SWIFT_VERSION = 5.0;
				TARGETED_DEVICE_FAMILY = "1,2";
				TEST_TARGET_NAME = weatherPicture;
			};
			name = Release;
		};
/* End XCBuildConfiguration section */

/* Begin XCConfigurationList section */
		DC1D0AA729F7032200EC295D /* Build configuration list for PBXProject "weatherPicture" */ = {
			isa = XCConfigurationList;
			buildConfigurations = (
				DC1D0ACF29F7032600EC295D /* Debug */,
				DC1D0AD029F7032600EC295D /* Release */,
			);
			defaultConfigurationIsVisible = 0;
			defaultConfigurationName = Release;
		};
		DC1D0AD129F7032600EC295D /* Build configuration list for PBXNativeTarget "weatherPicture" */ = {
			isa = XCConfigurationList;
			buildConfigurations = (
				DC1D0AD229F7032600EC295D /* Debug */,
				DC1D0AD329F7032600EC295D /* Release */,
			);
			defaultConfigurationIsVisible = 0;
			defaultConfigurationName = Release;
		};
		DC1D0AD429F7032600EC295D /* Build configuration list for PBXNativeTarget "weatherPictureTests" */ = {
			isa = XCConfigurationList;
			buildConfigurations = (
				DC1D0AD529F7032600EC295D /* Debug */,
				DC1D0AD629F7032600EC295D /* Release */,
			);
			defaultConfigurationIsVisible = 0;
			defaultConfigurationName = Release;
		};
		DC1D0AD729F7032600EC295D /* Build configuration list for PBXNativeTarget "weatherPictureUITests" */ = {
			isa = XCConfigurationList;
			buildConfigurations = (
				DC1D0AD829F7032600EC295D /* Debug */,
				DC1D0AD929F7032600EC295D /* Release */,
			);
			defaultConfigurationIsVisible = 0;
			defaultConfigurationName = Release;
		};
/* End XCConfigurationList section */
	};
	rootObject = DC1D0AA429F7032200EC295D /* Project object */;
}
